// !$*UTF8*$!
{
	archiveVersion = 1;
	classes = {
	};
	objectVersion = 48;
	objects = {

/* Begin PBXBuildFile section */
		13C48F3F2066360500D5738B /* AppDelegate.swift in Sources */ = {isa = PBXBuildFile; fileRef = 13C48F3E2066360500D5738B /* AppDelegate.swift */; };
		13C48F412066360600D5738B /* ViewController.swift in Sources */ = {isa = PBXBuildFile; fileRef = 13C48F402066360600D5738B /* ViewController.swift */; };
		13C48F442066360600D5738B /* Main.storyboard in Resources */ = {isa = PBXBuildFile; fileRef = 13C48F422066360600D5738B /* Main.storyboard */; };
		13C48F462066360600D5738B /* Assets.xcassets in Resources */ = {isa = PBXBuildFile; fileRef = 13C48F452066360600D5738B /* Assets.xcassets */; };
		13C48F492066360600D5738B /* LaunchScreen.storyboard in Resources */ = {isa = PBXBuildFile; fileRef = 13C48F472066360600D5738B /* LaunchScreen.storyboard */; };
		13C48F532066366400D5738B /* UIView+Extension.swift in Sources */ = {isa = PBXBuildFile; fileRef = 13C48F502066366400D5738B /* UIView+Extension.swift */; };
		13C48F542066366400D5738B /* TableViewController.swift in Sources */ = {isa = PBXBuildFile; fileRef = 13C48F512066366400D5738B /* TableViewController.swift */; };
		13C48F552066366400D5738B /* AlertViewController.swift in Sources */ = {isa = PBXBuildFile; fileRef = 13C48F522066366400D5738B /* AlertViewController.swift */; };
/* End PBXBuildFile section */

/* Begin PBXFileReference section */
		13C48F3B2066360500D5738B /* TableViewCheckMark.app */ = {isa = PBXFileReference; explicitFileType = wrapper.application; includeInIndex = 0; path = TableViewCheckMark.app; sourceTree = BUILT_PRODUCTS_DIR; };
		13C48F3E2066360500D5738B /* AppDelegate.swift */ = {isa = PBXFileReference; lastKnownFileType = sourcecode.swift; path = AppDelegate.swift; sourceTree = "<group>"; };
		13C48F402066360600D5738B /* ViewController.swift */ = {isa = PBXFileReference; lastKnownFileType = sourcecode.swift; path = ViewController.swift; sourceTree = "<group>"; };
		13C48F432066360600D5738B /* Base */ = {isa = PBXFileReference; lastKnownFileType = file.storyboard; name = Base; path = Base.lproj/Main.storyboard; sourceTree = "<group>"; };
		13C48F452066360600D5738B /* Assets.xcassets */ = {isa = PBXFileReference; lastKnownFileType = folder.assetcatalog; path = Assets.xcassets; sourceTree = "<group>"; };
		13C48F482066360600D5738B /* Base */ = {isa = PBXFileReference; lastKnownFileType = file.storyboard; name = Base; path = Base.lproj/LaunchScreen.storyboard; sourceTree = "<group>"; };
		13C48F4A2066360600D5738B /* Info.plist */ = {isa = PBXFileReference; lastKnownFileType = text.plist.xml; path = Info.plist; sourceTree = "<group>"; };
		13C48F502066366400D5738B /* UIView+Extension.swift */ = {isa = PBXFileReference; fileEncoding = 4; lastKnownFileType = sourcecode.swift; path = "UIView+Extension.swift"; sourceTree = "<group>"; };
		13C48F512066366400D5738B /* TableViewController.swift */ = {isa = PBXFileReference; fileEncoding = 4; lastKnownFileType = sourcecode.swift; path = TableViewController.swift; sourceTree = "<group>"; };
		13C48F522066366400D5738B /* AlertViewController.swift */ = {isa = PBXFileReference; fileEncoding = 4; lastKnownFileType = sourcecode.swift; path = AlertViewController.swift; sourceTree = "<group>"; };
/* End PBXFileReference section */

/* Begin PBXFrameworksBuildPhase section */
		13C48F382066360500D5738B /* Frameworks */ = {
			isa = PBXFrameworksBuildPhase;
			buildActionMask = 2147483647;
			files = (
			);
			runOnlyForDeploymentPostprocessing = 0;
		};
/* End PBXFrameworksBuildPhase section */

/* Begin PBXGroup section */
		13C48F322066360500D5738B = {
			isa = PBXGroup;
			children = (
				13C48F3D2066360500D5738B /* TableViewCheckMark */,
				13C48F3C2066360500D5738B /* Products */,
			);
			sourceTree = "<group>";
		};
		13C48F3C2066360500D5738B /* Products */ = {
			isa = PBXGroup;
			children = (
				13C48F3B2066360500D5738B /* TableViewCheckMark.app */,
			);
			name = Products;
			sourceTree = "<group>";
		};
		13C48F3D2066360500D5738B /* TableViewCheckMark */ = {
			isa = PBXGroup;
			children = (
				13C48F422066360600D5738B /* Main.storyboard */,
				13C48F3E2066360500D5738B /* AppDelegate.swift */,
				13C48F502066366400D5738B /* UIView+Extension.swift */,
				13C48F402066360600D5738B /* ViewController.swift */,
				13C48F512066366400D5738B /* TableViewController.swift */,
				13C48F522066366400D5738B /* AlertViewController.swift */,
				13C48F452066360600D5738B /* Assets.xcassets */,
				13C48F472066360600D5738B /* LaunchScreen.storyboard */,
				13C48F4A2066360600D5738B /* Info.plist */,
			);
			path = TableViewCheckMark;
			sourceTree = "<group>";
		};
/* End PBXGroup section */

/* Begin PBXNativeTarget section */
		13C48F3A2066360500D5738B /* TableViewCheckMark */ = {
			isa = PBXNativeTarget;
			buildConfigurationList = 13C48F4D2066360600D5738B /* Build configuration list for PBXNativeTarget "TableViewCheckMark" */;
			buildPhases = (
				13C48F372066360500D5738B /* Sources */,
				13C48F382066360500D5738B /* Frameworks */,
				13C48F392066360500D5738B /* Resources */,
			);
			buildRules = (
			);
			dependencies = (
			);
			name = TableViewCheckMark;
			productName = TableViewCheckMark;
			productReference = 13C48F3B2066360500D5738B /* TableViewCheckMark.app */;
			productType = "com.apple.product-type.application";
		};
/* End PBXNativeTarget section */

/* Begin PBXProject section */
		13C48F332066360500D5738B /* Project object */ = {
			isa = PBXProject;
			attributes = {
				LastSwiftUpdateCheck = 0920;
				LastUpgradeCheck = 0930;
				ORGANIZATIONNAME = Yuta.S;
				TargetAttributes = {
					13C48F3A2066360500D5738B = {
						CreatedOnToolsVersion = 9.2;
						ProvisioningStyle = Automatic;
					};
				};
			};
			buildConfigurationList = 13C48F362066360500D5738B /* Build configuration list for PBXProject "TableViewCheckMark" */;
			compatibilityVersion = "Xcode 8.0";
			developmentRegion = en;
			hasScannedForEncodings = 0;
			knownRegions = (
				en,
				Base,
			);
			mainGroup = 13C48F322066360500D5738B;
			productRefGroup = 13C48F3C2066360500D5738B /* Products */;
			projectDirPath = "";
			projectRoot = "";
			targets = (
				13C48F3A2066360500D5738B /* TableViewCheckMark */,
			);
		};
/* End PBXProject section */

/* Begin PBXResourcesBuildPhase section */
		13C48F392066360500D5738B /* Resources */ = {
			isa = PBXResourcesBuildPhase;
			buildActionMask = 2147483647;
			files = (
				13C48F492066360600D5738B /* LaunchScreen.storyboard in Resources */,
				13C48F462066360600D5738B /* Assets.xcassets in Resources */,
				13C48F442066360600D5738B /* Main.storyboard in Resources */,
			);
			runOnlyForDeploymentPostprocessing = 0;
		};
/* End PBXResourcesBuildPhase section */

/* Begin PBXSourcesBuildPhase section */
		13C48F372066360500D5738B /* Sources */ = {
			isa = PBXSourcesBuildPhase;
			buildActionMask = 2147483647;
			files = (
				13C48F532066366400D5738B /* UIView+Extension.swift in Sources */,
				13C48F412066360600D5738B /* ViewController.swift in Sources */,
				13C48F3F2066360500D5738B /* AppDelegate.swift in Sources */,
				13C48F552066366400D5738B /* AlertViewController.swift in Sources */,
				13C48F542066366400D5738B /* TableViewController.swift in Sources */,
			);
			runOnlyForDeploymentPostprocessing = 0;
		};
/* End PBXSourcesBuildPhase section */

/* Begin PBXVariantGroup section */
		13C48F422066360600D5738B /* Main.storyboard */ = {
			isa = PBXVariantGroup;
			children = (
				13C48F432066360600D5738B /* Base */,
			);
			name = Main.storyboard;
			sourceTree = "<group>";
		};
		13C48F472066360600D5738B /* LaunchScreen.storyboard */ = {
			isa = PBXVariantGroup;
			children = (
				13C48F482066360600D5738B /* Base */,
			);
			name = LaunchScreen.storyboard;
			sourceTree = "<group>";
		};
/* End PBXVariantGroup section */

/* Begin XCBuildConfiguration section */
		13C48F4B2066360600D5738B /* Debug */ = {
			isa = XCBuildConfiguration;
			buildSettings = {
				ALWAYS_SEARCH_USER_PATHS = NO;
				CLANG_ANALYZER_NONNULL = YES;
				CLANG_ANALYZER_NUMBER_OBJECT_CONVERSION = YES_AGGRESSIVE;
				CLANG_CXX_LANGUAGE_STANDARD = "gnu++14";
				CLANG_CXX_LIBRARY = "libc++";
				CLANG_ENABLE_MODULES = YES;
				CLANG_ENABLE_OBJC_ARC = YES;
				CLANG_WARN_BLOCK_CAPTURE_AUTORELEASING = YES;
				CLANG_WARN_BOOL_CONVERSION = YES;
				CLANG_WARN_COMMA = YES;
				CLANG_WARN_CONSTANT_CONVERSION = YES;
				CLANG_WARN_DEPRECATED_OBJC_IMPLEMENTATIONS = YES;
				CLANG_WARN_DIRECT_OBJC_ISA_USAGE = YES_ERROR;
				CLANG_WARN_DOCUMENTATION_COMMENTS = YES;
				CLANG_WARN_EMPTY_BODY = YES;
				CLANG_WARN_ENUM_CONVERSION = YES;
				CLANG_WARN_INFINITE_RECURSION = YES;
				CLANG_WARN_INT_CONVERSION = YES;
				CLANG_WARN_NON_LITERAL_NULL_CONVERSION = YES;
				CLANG_WARN_OBJC_IMPLICIT_RETAIN_SELF = YES;
				CLANG_WARN_OBJC_LITERAL_CONVERSION = YES;
				CLANG_WARN_OBJC_ROOT_CLASS = YES_ERROR;
				CLANG_WARN_RANGE_LOOP_ANALYSIS = YES;
				CLANG_WARN_STRICT_PROTOTYPES = YES;
				CLANG_WARN_SUSPICIOUS_MOVE = YES;
				CLANG_WARN_UNGUARDED_AVAILABILITY = YES_AGGRESSIVE;
				CLANG_WARN_UNREACHABLE_CODE = YES;
				CLANG_WARN__DUPLICATE_METHOD_MATCH = YES;
				CODE_SIGN_IDENTITY = "iPhone Developer";
				COPY_PHASE_STRIP = NO;
				DEBUG_INFORMATION_FORMAT = dwarf;
				ENABLE_STRICT_OBJC_MSGSEND = YES;
				ENABLE_TESTABILITY = YES;
				GCC_C_LANGUAGE_STANDARD = gnu11;
				GCC_DYNAMIC_NO_PIC = NO;
				GCC_NO_COMMON_BLOCKS = YES;
				GCC_OPTIMIZATION_LEVEL = 0;
				GCC_PREPROCESSOR_DEFINITIONS = (
					"DEBUG=1",
					"$(inherited)",
				);
				GCC_WARN_64_TO_32_BIT_CONVERSION = YES;
				GCC_WARN_ABOUT_RETURN_TYPE = YES_ERROR;
				GCC_WARN_UNDECLARED_SELECTOR = YES;
				GCC_WARN_UNINITIALIZED_AUTOS = YES_AGGRESSIVE;
				GCC_WARN_UNUSED_FUNCTION = YES;
				GCC_WARN_UNUSED_VARIABLE = YES;
				IPHONEOS_DEPLOYMENT_TARGET = 11.2;
				MTL_ENABLE_DEBUG_INFO = YES;
				ONLY_ACTIVE_ARCH = YES;
				SDKROOT = iphoneos;
				SWIFT_ACTIVE_COMPILATION_CONDITIONS = DEBUG;
				SWIFT_OPTIMIZATION_LEVEL = "-Onone";
			};
			name = Debug;
		};
		13C48F4C2066360600D5738B /* Release */ = {
			isa = XCBuildConfiguration;
			buildSettings = {
				ALWAYS_SEARCH_USER_PATHS = NO;
				CLANG_ANALYZER_NONNULL = YES;
				CLANG_ANALYZER_NUMBER_OBJECT_CONVERSION = YES_AGGRESSIVE;
				CLANG_CXX_LANGUAGE_STANDARD = "gnu++14";
				CLANG_CXX_LIBRARY = "libc++";
				CLANG_ENABLE_MODULES = YES;
				CLANG_ENABLE_OBJC_ARC = YES;
				CLANG_WARN_BLOCK_CAPTURE_AUTORELEASING = YES;
				CLANG_WARN_BOOL_CONVERSION = YES;
				CLANG_WARN_COMMA = YES;
				CLANG_WARN_CONSTANT_CONVERSION = YES;
				CLANG_WARN_DEPRECATED_OBJC_IMPLEMENTATIONS = YES;
				CLANG_WARN_DIRECT_OBJC_ISA_USAGE = YES_ERROR;
				CLANG_WARN_DOCUMENTATION_COMMENTS = YES;
				CLANG_WARN_EMPTY_BODY = YES;
				CLANG_WARN_ENUM_CONVERSION = YES;
				CLANG_WARN_INFINITE_RECURSION = YES;
				CLANG_WARN_INT_CONVERSION = YES;
				CLANG_WARN_NON_LITERAL_NULL_CONVERSION = YES;
				CLANG_WARN_OBJC_IMPLICIT_RETAIN_SELF = YES;
				CLANG_WARN_OBJC_LITERAL_CONVERSION = YES;
				CLANG_WARN_OBJC_ROOT_CLASS = YES_ERROR;
				CLANG_WARN_RANGE_LOOP_ANALYSIS = YES;
				CLANG_WARN_STRICT_PROTOTYPES = YES;
				CLANG_WARN_SUSPICIOUS_MOVE = YES;
				CLANG_WARN_UNGUARDED_AVAILABILITY = YES_AGGRESSIVE;
				CLANG_WARN_UNREACHABLE_CODE = YES;
				CLANG_WARN__DUPLICATE_METHOD_MATCH = YES;
				CODE_SIGN_IDENTITY = "iPhone Developer";
				COPY_PHASE_STRIP = NO;
				DEBUG_INFORMATION_FORMAT = "dwarf-with-dsym";
				ENABLE_NS_ASSERTIONS = NO;
				ENABLE_STRICT_OBJC_MSGSEND = YES;
				GCC_C_LANGUAGE_STANDARD = gnu11;
				GCC_NO_COMMON_BLOCKS = YES;
				GCC_WARN_64_TO_32_BIT_CONVERSION = YES;
				GCC_WARN_ABOUT_RETURN_TYPE = YES_ERROR;
				GCC_WARN_UNDECLARED_SELECTOR = YES;
				GCC_WARN_UNINITIALIZED_AUTOS = YES_AGGRESSIVE;
				GCC_WARN_UNUSED_FUNCTION = YES;
				GCC_WARN_UNUSED_VARIABLE = YES;
				IPHONEOS_DEPLOYMENT_TARGET = 11.2;
				MTL_ENABLE_DEBUG_INFO = NO;
				SDKROOT = iphoneos;
				SWIFT_OPTIMIZATION_LEVEL = "-Owholemodule";
				VALIDATE_PRODUCT = YES;
			};
			name = Release;
		};
		13C48F4E2066360600D5738B /* Debug */ = {
			isa = XCBuildConfiguration;
			buildSettings = {
				ASSETCATALOG_COMPILER_APPICON_NAME = AppIcon;
				CODE_SIGN_IDENTITY = "iPhone Developer";
				CODE_SIGN_STYLE = Automatic;
				DEVELOPMENT_TEAM = "";
				INFOPLIST_FILE = TableViewCheckMark/Info.plist;
				LD_RUNPATH_SEARCH_PATHS = "$(inherited) @executable_path/Frameworks";
				PRODUCT_BUNDLE_IDENTIFIER = jp.co.sasa.TableViewCheckMark;
				PRODUCT_NAME = "$(TARGET_NAME)";
				PROVISIONING_PROFILE_SPECIFIER = "";
				SWIFT_VERSION = 4.0;
				TARGETED_DEVICE_FAMILY = "1,2";
			};
			name = Debug;
		};
		13C48F4F2066360600D5738B /* Release */ = {
			isa = XCBuildConfiguration;
			buildSettings = {
				ASSETCATALOG_COMPILER_APPICON_NAME = AppIcon;
				CODE_SIGN_IDENTITY = "iPhone Developer";
				CODE_SIGN_STYLE = Automatic;
				DEVELOPMENT_TEAM = "";
				INFOPLIST_FILE = TableViewCheckMark/Info.plist;
				LD_RUNPATH_SEARCH_PATHS = "$(inherited) @executable_path/Frameworks";
				PRODUCT_BUNDLE_IDENTIFIER = jp.co.sasa.TableViewCheckMark;
				PRODUCT_NAME = "$(TARGET_NAME)";
				PROVISIONING_PROFILE_SPECIFIER = "";
				SWIFT_VERSION = 4.0;
				TARGETED_DEVICE_FAMILY = "1,2";
			};
			name = Release;
		};
/* End XCBuildConfiguration section */

/* Begin XCConfigurationList section */
		13C48F362066360500D5738B /* Build configuration list for PBXProject "TableViewCheckMark" */ = {
			isa = XCConfigurationList;
			buildConfigurations = (
				13C48F4B2066360600D5738B /* Debug */,
				13C48F4C2066360600D5738B /* Release */,
			);
			defaultConfigurationIsVisible = 0;
			defaultConfigurationName = Release;
		};
		13C48F4D2066360600D5738B /* Build configuration list for PBXNativeTarget "TableViewCheckMark" */ = {
			isa = XCConfigurationList;
			buildConfigurations = (
				13C48F4E2066360600D5738B /* Debug */,
				13C48F4F2066360600D5738B /* Release */,
			);
			defaultConfigurationIsVisible = 0;
			defaultConfigurationName = Release;
		};
/* End XCConfigurationList section */
	};
	rootObject = 13C48F332066360500D5738B /* Project object */;
}
